{
  "name": "typescript",
  "version": "1.0.0",
  "lockfileVersion": 2,
  "requires": true,
  "packages": {
    "": {
      "name": "typescript",
      "version": "1.0.0",
      "license": "ISC",
      "dependencies": {
        "bodybuilder": "^2.5.0",
        "elastic-builder": "^2.16.0"
      }
    },
    "node_modules/babel-runtime": {
      "version": "6.26.0",
      "resolved": "https://registry.npmjs.org/babel-runtime/-/babel-runtime-6.26.0.tgz",
      "integrity": "sha512-ITKNuq2wKlW1fJg9sSW52eepoYgZBggvOAHC0u/CYu/qxQ9EVzThCgR69BnSXLHjy2f7SY5zaQ4yt7H9ZVxY2g==",
      "dependencies": {
        "core-js": "^2.4.0",
        "regenerator-runtime": "^0.11.0"
      }
    },
    "node_modules/bodybuilder": {
      "version": "2.5.0",
      "resolved": "https://registry.npmjs.org/bodybuilder/-/bodybuilder-2.5.0.tgz",
      "integrity": "sha512-n9Cpi/qKH7FfFe3WHRC/jYBQt/vtkPmCuDdIM53lARoWHVDGEc5d55erKZE/dxzv0dY+ioKcd+C8EY+AytBlSw==",
      "dependencies": {
        "lodash.clonedeep": "4.5.0",
        "lodash.isobject": "3.0.2",
        "lodash.isplainobject": "4.0.6",
        "lodash.merge": "4.6.2",
        "lodash.set": "4.3.2",
        "lodash.unset": "4.5.2"
      }
    },
    "node_modules/core-js": {
      "version": "2.6.12",
      "resolved": "https://registry.npmjs.org/core-js/-/core-js-2.6.12.tgz",
      "integrity": "sha512-Kb2wC0fvsWfQrgk8HU5lW6U/Lcs8+9aaYcy4ZFc6DDlo4nZ7n70dEgE5rtR0oG6ufKDUnrwfWL1mXR5ljDatrQ==",
      "deprecated": "core-js@<3.23.3 is no longer maintained and not recommended for usage due to the number of issues. Because of the V8 engine whims, feature detection in old core-js versions could cause a slowdown up to 100x even if nothing is polyfilled. Some versions have web compatibility issues. Please, upgrade your dependencies to the actual version of core-js.",
      "hasInstallScript": true
    },
    "node_modules/elastic-builder": {
      "version": "2.16.0",
      "resolved": "https://registry.npmjs.org/elastic-builder/-/elastic-builder-2.16.0.tgz",
      "integrity": "sha512-5EXFxTAOPQFW7uYe59lZ5pqHBoyILQ8U3x1GgZN921EfAsLNdA2kMV0bgK8/rwJOd9JM0F40WpGxCPzHRtCG1Q==",
      "dependencies": {
        "babel-runtime": "^6.26.0",
        "lodash.has": "^4.5.2",
        "lodash.hasin": "^4.5.2",
        "lodash.head": "^4.0.1",
        "lodash.isempty": "^4.4.0",
        "lodash.isnil": "^4.0.0",
        "lodash.isobject": "^3.0.2",
        "lodash.isstring": "^4.0.1",
        "lodash.omit": "^4.5.0"
      }
    },
    "node_modules/lodash.clonedeep": {
      "version": "4.5.0",
      "resolved": "https://registry.npmjs.org/lodash.clonedeep/-/lodash.clonedeep-4.5.0.tgz",
      "integrity": "sha512-H5ZhCF25riFd9uB5UCkVKo61m3S/xZk1x4wA6yp/L3RFP6Z/eHH1ymQcGLo7J3GMPfm0V/7m1tryHuGVxpqEBQ=="
    },
    "node_modules/lodash.has": {
      "version": "4.5.2",
      "resolved": "https://registry.npmjs.org/lodash.has/-/lodash.has-4.5.2.tgz",
      "integrity": "sha512-rnYUdIo6xRCJnQmbVFEwcxF144erlD+M3YcJUVesflU9paQaE8p+fJDcIQrlMYbxoANFL+AB9hZrzSBBk5PL+g=="
    },
    "node_modules/lodash.hasin": {
      "version": "4.5.2",
      "resolved": "https://registry.npmjs.org/lodash.hasin/-/lodash.hasin-4.5.2.tgz",
      "integrity": "sha512-AFAitwTSq1Ka/1J9uBaVxpLBP5OI3INQvkl4wKcgIYxoA0S3aqO1QWXHR9aCcOrWtPFqP7GzlFncZfe0Jz0kNw=="
    },
    "node_modules/lodash.head": {
      "version": "4.0.1",
      "resolved": "https://registry.npmjs.org/lodash.head/-/lodash.head-4.0.1.tgz",
      "integrity": "sha512-cw2auMZNAJp4bAAbG0CITl68eE0j4SkbIPEskppHhIyQ2SFQWSrcoH6mnpcFPgsOqSI/lcrnCHKlz8r54D4jCA=="
    },
    "node_modules/lodash.isempty": {
      "version": "4.4.0",
      "resolved": "https://registry.npmjs.org/lodash.isempty/-/lodash.isempty-4.4.0.tgz",
      "integrity": "sha512-oKMuF3xEeqDltrGMfDxAPGIVMSSRv8tbRSODbrs4KGsRRLEhrW8N8Rd4DRgB2+621hY8A8XwwrTVhXWpxFvMzg=="
    },
    "node_modules/lodash.isnil": {
      "version": "4.0.0",
      "resolved": "https://registry.npmjs.org/lodash.isnil/-/lodash.isnil-4.0.0.tgz",
      "integrity": "sha512-up2Mzq3545mwVnMhTDMdfoG1OurpA/s5t88JmQX809eH3C8491iu2sfKhTfhQtKY78oPNhiaHJUpT/dUDAAtng=="
    },
    "node_modules/lodash.isobject": {
      "version": "3.0.2",
      "resolved": "https://registry.npmjs.org/lodash.isobject/-/lodash.isobject-3.0.2.tgz",
      "integrity": "sha512-3/Qptq2vr7WeJbB4KHUSKlq8Pl7ASXi3UG6CMbBm8WRtXi8+GHm7mKaU3urfpSEzWe2wCIChs6/sdocUsTKJiA=="
    },
    "node_modules/lodash.isplainobject": {
      "version": "4.0.6",
      "resolved": "https://registry.npmjs.org/lodash.isplainobject/-/lodash.isplainobject-4.0.6.tgz",
      "integrity": "sha512-oSXzaWypCMHkPC3NvBEaPHf0KsA5mvPrOPgQWDsbg8n7orZ290M0BmC/jgRZ4vcJ6DTAhjrsSYgdsW/F+MFOBA=="
    },
    "node_modules/lodash.isstring": {
      "version": "4.0.1",
      "resolved": "https://registry.npmjs.org/lodash.isstring/-/lodash.isstring-4.0.1.tgz",
      "integrity": "sha512-0wJxfxH1wgO3GrbuP+dTTk7op+6L41QCXbGINEmD+ny/G/eCqGzxyCsh7159S+mgDDcoarnBw6PC1PS5+wUGgw=="
    },
    "node_modules/lodash.merge": {
      "version": "4.6.2",
      "resolved": "https://registry.npmjs.org/lodash.merge/-/lodash.merge-4.6.2.tgz",
      "integrity": "sha512-0KpjqXRVvrYyCsX1swR/XTK0va6VQkQM6MNo7PqW77ByjAhoARA8EfrP1N4+KlKj8YS0ZUCtRT/YUuhyYDujIQ=="
    },
    "node_modules/lodash.omit": {
      "version": "4.5.0",
      "resolved": "https://registry.npmjs.org/lodash.omit/-/lodash.omit-4.5.0.tgz",
      "integrity": "sha512-XeqSp49hNGmlkj2EJlfrQFIzQ6lXdNro9sddtQzcJY8QaoC2GO0DT7xaIokHeyM+mIT0mPMlPvkYzg2xCuHdZg=="
    },
    "node_modules/lodash.set": {
      "version": "4.3.2",
      "resolved": "https://registry.npmjs.org/lodash.set/-/lodash.set-4.3.2.tgz",
      "integrity": "sha512-4hNPN5jlm/N/HLMCO43v8BXKq9Z7QdAGc/VGrRD61w8gN9g/6jF9A4L1pbUgBLCffi0w9VsXfTOij5x8iTyFvg=="
    },
    "node_modules/lodash.unset": {
      "version": "4.5.2",
      "resolved": "https://registry.npmjs.org/lodash.unset/-/lodash.unset-4.5.2.tgz",
      "integrity": "sha512-bwKX88k2JhCV9D1vtE8+naDKlLiGrSmf8zi/Y9ivFHwbmRfA8RxS/aVJ+sIht2XOwqoNr4xUPUkGZpc1sHFEKg=="
    },
    "node_modules/regenerator-runtime": {
      "version": "0.11.1",
      "resolved": "https://registry.npmjs.org/regenerator-runtime/-/regenerator-runtime-0.11.1.tgz",
      "integrity": "sha512-MguG95oij0fC3QV3URf4V2SDYGJhJnJGqvIIgdECeODCT98wSWDAJ94SSuVpYQUoTcGUIL6L4yNB7j1DFFHSBg=="
    }
  },
  "dependencies": {
    "babel-runtime": {
      "version": "6.26.0",
      "resolved": "https://registry.npmjs.org/babel-runtime/-/babel-runtime-6.26.0.tgz",
      "integrity": "sha512-ITKNuq2wKlW1fJg9sSW52eepoYgZBggvOAHC0u/CYu/qxQ9EVzThCgR69BnSXLHjy2f7SY5zaQ4yt7H9ZVxY2g==",
      "requires": {
        "core-js": "^2.4.0",
        "regenerator-runtime": "^0.11.0"
      }
    },
    "bodybuilder": {
      "version": "2.5.0",
      "resolved": "https://registry.npmjs.org/bodybuilder/-/bodybuilder-2.5.0.tgz",
      "integrity": "sha512-n9Cpi/qKH7FfFe3WHRC/jYBQt/vtkPmCuDdIM53lARoWHVDGEc5d55erKZE/dxzv0dY+ioKcd+C8EY+AytBlSw==",
      "requires": {
        "lodash.clonedeep": "4.5.0",
        "lodash.isobject": "3.0.2",
        "lodash.isplainobject": "4.0.6",
        "lodash.merge": "4.6.2",
        "lodash.set": "4.3.2",
        "lodash.unset": "4.5.2"
      }
    },
    "core-js": {
      "version": "2.6.12",
      "resolved": "https://registry.npmjs.org/core-js/-/core-js-2.6.12.tgz",
      "integrity": "sha512-Kb2wC0fvsWfQrgk8HU5lW6U/Lcs8+9aaYcy4ZFc6DDlo4nZ7n70dEgE5rtR0oG6ufKDUnrwfWL1mXR5ljDatrQ=="
    },
    "elastic-builder": {
      "version": "2.16.0",
      "resolved": "https://registry.npmjs.org/elastic-builder/-/elastic-builder-2.16.0.tgz",
      "integrity": "sha512-5EXFxTAOPQFW7uYe59lZ5pqHBoyILQ8U3x1GgZN921EfAsLNdA2kMV0bgK8/rwJOd9JM0F40WpGxCPzHRtCG1Q==",
      "requires": {
        "babel-runtime": "^6.26.0",
        "lodash.has": "^4.5.2",
        "lodash.hasin": "^4.5.2",
        "lodash.head": "^4.0.1",
        "lodash.isempty": "^4.4.0",
        "lodash.isnil": "^4.0.0",
        "lodash.isobject": "^3.0.2",
        "lodash.isstring": "^4.0.1",
        "lodash.omit": "^4.5.0"
      }
    },
    "lodash.clonedeep": {
      "version": "4.5.0",
      "resolved": "https://registry.npmjs.org/lodash.clonedeep/-/lodash.clonedeep-4.5.0.tgz",
      "integrity": "sha512-H5ZhCF25riFd9uB5UCkVKo61m3S/xZk1x4wA6yp/L3RFP6Z/eHH1ymQcGLo7J3GMPfm0V/7m1tryHuGVxpqEBQ=="
    },
    "lodash.has": {
      "version": "4.5.2",
      "resolved": "https://registry.npmjs.org/lodash.has/-/lodash.has-4.5.2.tgz",
      "integrity": "sha512-rnYUdIo6xRCJnQmbVFEwcxF144erlD+M3YcJUVesflU9paQaE8p+fJDcIQrlMYbxoANFL+AB9hZrzSBBk5PL+g=="
    },
    "lodash.hasin": {
      "version": "4.5.2",
      "resolved": "https://registry.npmjs.org/lodash.hasin/-/lodash.hasin-4.5.2.tgz",
      "integrity": "sha512-AFAitwTSq1Ka/1J9uBaVxpLBP5OI3INQvkl4wKcgIYxoA0S3aqO1QWXHR9aCcOrWtPFqP7GzlFncZfe0Jz0kNw=="
    },
    "lodash.head": {
      "version": "4.0.1",
      "resolved": "https://registry.npmjs.org/lodash.head/-/lodash.head-4.0.1.tgz",
      "integrity": "sha512-cw2auMZNAJp4bAAbG0CITl68eE0j4SkbIPEskppHhIyQ2SFQWSrcoH6mnpcFPgsOqSI/lcrnCHKlz8r54D4jCA=="
    },
    "lodash.isempty": {
      "version": "4.4.0",
      "resolved": "https://registry.npmjs.org/lodash.isempty/-/lodash.isempty-4.4.0.tgz",
      "integrity": "sha512-oKMuF3xEeqDltrGMfDxAPGIVMSSRv8tbRSODbrs4KGsRRLEhrW8N8Rd4DRgB2+621hY8A8XwwrTVhXWpxFvMzg=="
    },
    "lodash.isnil": {
      "version": "4.0.0",
      "resolved": "https://registry.npmjs.org/lodash.isnil/-/lodash.isnil-4.0.0.tgz",
      "integrity": "sha512-up2Mzq3545mwVnMhTDMdfoG1OurpA/s5t88JmQX809eH3C8491iu2sfKhTfhQtKY78oPNhiaHJUpT/dUDAAtng=="
    },
    "lodash.isobject": {
      "version": "3.0.2",
      "resolved": "https://registry.npmjs.org/lodash.isobject/-/lodash.isobject-3.0.2.tgz",
      "integrity": "sha512-3/Qptq2vr7WeJbB4KHUSKlq8Pl7ASXi3UG6CMbBm8WRtXi8+GHm7mKaU3urfpSEzWe2wCIChs6/sdocUsTKJiA=="
    },
    "lodash.isplainobject": {
      "version": "4.0.6",
      "resolved": "https://registry.npmjs.org/lodash.isplainobject/-/lodash.isplainobject-4.0.6.tgz",
      "integrity": "sha512-oSXzaWypCMHkPC3NvBEaPHf0KsA5mvPrOPgQWDsbg8n7orZ290M0BmC/jgRZ4vcJ6DTAhjrsSYgdsW/F+MFOBA=="
    },
    "lodash.isstring": {
      "version": "4.0.1",
      "resolved": "https://registry.npmjs.org/lodash.isstring/-/lodash.isstring-4.0.1.tgz",
      "integrity": "sha512-0wJxfxH1wgO3GrbuP+dTTk7op+6L41QCXbGINEmD+ny/G/eCqGzxyCsh7159S+mgDDcoarnBw6PC1PS5+wUGgw=="
    },
    "lodash.merge": {
      "version": "4.6.2",
      "resolved": "https://registry.npmjs.org/lodash.merge/-/lodash.merge-4.6.2.tgz",
      "integrity": "sha512-0KpjqXRVvrYyCsX1swR/XTK0va6VQkQM6MNo7PqW77ByjAhoARA8EfrP1N4+KlKj8YS0ZUCtRT/YUuhyYDujIQ=="
    },
    "lodash.omit": {
      "version": "4.5.0",
      "resolved": "https://registry.npmjs.org/lodash.omit/-/lodash.omit-4.5.0.tgz",
      "integrity": "sha512-XeqSp49hNGmlkj2EJlfrQFIzQ6lXdNro9sddtQzcJY8QaoC2GO0DT7xaIokHeyM+mIT0mPMlPvkYzg2xCuHdZg=="
    },
    "lodash.set": {
      "version": "4.3.2",
      "resolved": "https://registry.npmjs.org/lodash.set/-/lodash.set-4.3.2.tgz",
      "integrity": "sha512-4hNPN5jlm/N/HLMCO43v8BXKq9Z7QdAGc/VGrRD61w8gN9g/6jF9A4L1pbUgBLCffi0w9VsXfTOij5x8iTyFvg=="
    },
    "lodash.unset": {
      "version": "4.5.2",
      "resolved": "https://registry.npmjs.org/lodash.unset/-/lodash.unset-4.5.2.tgz",
      "integrity": "sha512-bwKX88k2JhCV9D1vtE8+naDKlLiGrSmf8zi/Y9ivFHwbmRfA8RxS/aVJ+sIht2XOwqoNr4xUPUkGZpc1sHFEKg=="
    },
    "regenerator-runtime": {
      "version": "0.11.1",
      "resolved": "https://registry.npmjs.org/regenerator-runtime/-/regenerator-runtime-0.11.1.tgz",
      "integrity": "sha512-MguG95oij0fC3QV3URf4V2SDYGJhJnJGqvIIgdECeODCT98wSWDAJ94SSuVpYQUoTcGUIL6L4yNB7j1DFFHSBg=="
    }
  }
}
